github.com/pdutton/go-interfaces v0.0.4 h1:xmNayMUZIIZxwsoZjHyAekkPSNCvuE5yQt4Ce/nZKXw=
github.com/pdutton/go-interfaces v0.0.4/go.mod h1:Ej/M1c5v22p2ZaRGa9s6HKkPTWLMhW96VMPlAfjqfw8=
github.com/pdutton/go-interfaces v0.0.5 h1:dYPcCWgISTtjc5p/WI15/r1xXU5mpyeOuBwAcdLc0G8=
github.com/pdutton/go-interfaces v0.0.5/go.mod h1:SGubkcsRvI8s35Z2qSZLWiQ5arvHWsHMVLafQQ1X4aM=
go.uber.org/mock v0.5.0 h1:KAMbZvZPyBPWgD14IrIQ38QCyjwpvVVV6K/bHl1IwQU=
go.uber.org/mock v0.5.0/go.mod h1:ge71pBPLYDk7QIi1LupWxdAykm7KIEFchiOqd6z7qMM=
