github.com/pdutton/go-interfaces v0.2.14 h1:HmViojSOhvE+oK+1AyXqh/FeZ37ScYo5L1NwdfxF2DA=
github.com/pdutton/go-interfaces v0.2.14/go.mod h1:6onLjhPknWr5AejDknZ3DWoUNd+BWvgU2QgbyQkr2VI=
go.uber.org/mock v0.5.0 h1:KAMbZvZPyBPWgD14IrIQ38QCyjwpvVVV6K/bHl1IwQU=
go.uber.org/mock v0.5.0/go.mod h1:ge71pBPLYDk7QIi1LupWxdAykm7KIEFchiOqd6z7qMM=
